
Microsoft Visual Studio Solution File, Format Version 12.00
Project("{FAE04EC0-301F-11D3-BF4B-00C04F79EFBC}") = "qtReminder", ".\qtReminder\qtReminder.csproj", "{8B9C43A0-5898-46C3-A1E8-880E6EFE2437}"
EndProject
Project("{FAE04EC0-301F-11D3-BF4B-00C04F79EFBC}") = "qtReminderTests", "qtReminderTests\qtReminderTests.csproj", "{D21A42CF-7EF0-4A68-9EB3-61165558D0A5}"
EndProject
Global
	GlobalSection(SolutionConfigurationPlatforms) = preSolution
		Debug|Any CPU = Debug|Any CPU
		Release|Any CPU = Release|Any CPU
	EndGlobalSection
	GlobalSection(ProjectConfigurationPlatforms) = postSolution
		{8B9C43A0-5898-46C3-A1E8-880E6EFE2437}.Debug|Any CPU.ActiveCfg = Debug|Any CPU
		{8B9C43A0-5898-46C3-A1E8-880E6EFE2437}.Debug|Any CPU.Build.0 = Debug|Any CPU
		{8B9C43A0-5898-46C3-A1E8-880E6EFE2437}.Release|Any CPU.ActiveCfg = Release|Any CPU
		{8B9C43A0-5898-46C3-A1E8-880E6EFE2437}.Release|Any CPU.Build.0 = Release|Any CPU
		{D21A42CF-7EF0-4A68-9EB3-61165558D0A5}.Debug|Any CPU.ActiveCfg = Debug|Any CPU
		{D21A42CF-7EF0-4A68-9EB3-61165558D0A5}.Debug|Any CPU.Build.0 = Debug|Any CPU
		{D21A42CF-7EF0-4A68-9EB3-61165558D0A5}.Release|Any CPU.ActiveCfg = Release|Any CPU
		{D21A42CF-7EF0-4A68-9EB3-61165558D0A5}.Release|Any CPU.Build.0 = Release|Any CPU
	EndGlobalSection
EndGlobal
